
Microsoft Visual Studio Solution File, Format Version 12.00
# Visual Studio Version 17
VisualStudioVersion = 17.7.34031.279
MinimumVisualStudioVersion = 10.0.40219.1
Project("{FAE04EC0-301F-11D3-BF4B-00C04F79EFBC}") = "Lesson7Week4", "Lesson7Week4\Lesson7Week4.csproj", "{3A43D614-8D10-47D3-9E41-19542B10AEDC}"
EndProject
Global
	GlobalSection(SolutionConfigurationPlatforms) = preSolution
		Debug|Any CPU = Debug|Any CPU
		Release|Any CPU = Release|Any CPU
	EndGlobalSection
	GlobalSection(ProjectConfigurationPlatforms) = postSolution
		{3A43D614-8D10-47D3-9E41-19542B10AEDC}.Debug|Any CPU.ActiveCfg = Debug|Any CPU
		{3A43D614-8D10-47D3-9E41-19542B10AEDC}.Debug|Any CPU.Build.0 = Debug|Any CPU
		{3A43D614-8D10-47D3-9E41-19542B10AEDC}.Release|Any CPU.ActiveCfg = Release|Any CPU
		{3A43D614-8D10-47D3-9E41-19542B10AEDC}.Release|Any CPU.Build.0 = Release|Any CPU
	EndGlobalSection
	GlobalSection(SolutionProperties) = preSolution
		HideSolutionNode = FALSE
	EndGlobalSection
	GlobalSection(ExtensibilityGlobals) = postSolution
		SolutionGuid = {E7821A8B-1410-451A-8875-4D45EE692F12}
	EndGlobalSection
EndGlobal
